{
  "name": "run-vertexai-notebook",
  "version": "1.1.1",
  "lockfileVersion": 3,
  "requires": true,
  "packages": {
    "": {
      "name": "run-vertexai-notebook",
      "version": "1.1.1",
      "license": "Apache-2.0",
      "engines": {
        "node": "20.x",
        "npm": "10.x"
      }
    }
  }
}
